// !$*UTF8*$!
{
	archiveVersion = 1;
	classes = {
	};
	objectVersion = 50;
	objects = {

/* Begin PBXBuildFile section */
		FB0A9F3625DC5D7E0084AED8 /* SproutTextFieldCell.swift in Sources */ = {isa = PBXBuildFile; fileRef = FB0A9F3525DC5D7E0084AED8 /* SproutTextFieldCell.swift */; };
		FB21B6F825B1E5CC00D02384 /* AppDelegate.swift in Sources */ = {isa = PBXBuildFile; fileRef = FB21B6F725B1E5CC00D02384 /* AppDelegate.swift */; };
		FB21B6FA25B1E5CC00D02384 /* SceneDelegate.swift in Sources */ = {isa = PBXBuildFile; fileRef = FB21B6F925B1E5CC00D02384 /* SceneDelegate.swift */; };
		FB21B70125B1E5CC00D02384 /* Assets.xcassets in Resources */ = {isa = PBXBuildFile; fileRef = FB21B70025B1E5CC00D02384 /* Assets.xcassets */; };
		FB21B70425B1E5CC00D02384 /* LaunchScreen.storyboard in Resources */ = {isa = PBXBuildFile; fileRef = FB21B70225B1E5CC00D02384 /* LaunchScreen.storyboard */; };
		FB24CEFB26025DA0002D14DF /* UIListContentConfiguration+Extension.swift in Sources */ = {isa = PBXBuildFile; fileRef = FB24CEFA26025DA0002D14DF /* UIListContentConfiguration+Extension.swift */; };
		FB28A8E82649A2DE00B1206E /* SproutChipView.swift in Sources */ = {isa = PBXBuildFile; fileRef = FB28A8E72649A2DE00B1206E /* SproutChipView.swift */; };
		FB28A8ED264AB7D700B1206E /* CareScheduleFormatter.swift in Sources */ = {isa = PBXBuildFile; fileRef = FB28A8EC264AB7D700B1206E /* CareScheduleFormatter.swift */; };
		FB43D63A266D680600FA9FA1 /* SproutBlurredHeaderView.swift in Sources */ = {isa = PBXBuildFile; fileRef = FB43D639266D680600FA9FA1 /* SproutBlurredHeaderView.swift */; };
		FB43D640266DB4BE00FA9FA1 /* DetailHeroReusableView.swift in Sources */ = {isa = PBXBuildFile; fileRef = FB43D63F266DB4BE00FA9FA1 /* DetailHeroReusableView.swift */; };
		FB43D645266E665E00FA9FA1 /* UserDefaults+Extensions.swift in Sources */ = {isa = PBXBuildFile; fileRef = FB43D644266E665E00FA9FA1 /* UserDefaults+Extensions.swift */; };
		FB43D647266E70BD00FA9FA1 /* Date+RawRepresentable.swift in Sources */ = {isa = PBXBuildFile; fileRef = FB43D646266E70BD00FA9FA1 /* Date+RawRepresentable.swift */; };
		FB4FAB09265EDE7C001A9201 /* HashableClosure.swift in Sources */ = {isa = PBXBuildFile; fileRef = FB4FAB08265EDE7C001A9201 /* HashableClosure.swift */; };
		FB5CB848267176D300A7F60E /* SproutDataModel-1.0.0-1.0.1.xcmappingmodel in Sources */ = {isa = PBXBuildFile; fileRef = FB5CB847267176D300A7F60E /* SproutDataModel-1.0.0-1.0.1.xcmappingmodel */; };
		FB5CB84E2672624E00A7F60E /* ModelStore.swift in Sources */ = {isa = PBXBuildFile; fileRef = FB5CB84D2672624E00A7F60E /* ModelStore.swift */; };
		FB5CB85726726B0600A7F60E /* DayOfWeekPicker.swift in Sources */ = {isa = PBXBuildFile; fileRef = FB5CB85626726B0600A7F60E /* DayOfWeekPicker.swift */; };
		FB5CB85926728A2600A7F60E /* SproutDayOfWeekPickerCollectionViewCell.swift in Sources */ = {isa = PBXBuildFile; fileRef = FB5CB85826728A2600A7F60E /* SproutDayOfWeekPickerCollectionViewCell.swift */; };
		FB5CB85C2672A72300A7F60E /* SproutCapsuleButton.swift in Sources */ = {isa = PBXBuildFile; fileRef = FB5CB85B2672A72300A7F60E /* SproutCapsuleButton.swift */; };
		FB5CB86026730BF200A7F60E /* DayOfMonthPicker.swift in Sources */ = {isa = PBXBuildFile; fileRef = FB5CB85F26730BF200A7F60E /* DayOfMonthPicker.swift */; };
		FB5CB86226739F5D00A7F60E /* SproutDayOfMonthPickerCollectionViewCell.swift in Sources */ = {isa = PBXBuildFile; fileRef = FB5CB86126739F5D00A7F60E /* SproutDayOfMonthPickerCollectionViewCell.swift */; };
		FB5CB8642673A43400A7F60E /* CircleButtonCollectionViewCell.swift in Sources */ = {isa = PBXBuildFile; fileRef = FB5CB8632673A43400A7F60E /* CircleButtonCollectionViewCell.swift */; };
		FB5CB8662673B7C000A7F60E /* Bool+XOR.swift in Sources */ = {isa = PBXBuildFile; fileRef = FB5CB8652673B7C000A7F60E /* Bool+XOR.swift */; };
		FB5F348925B63E6900CCE6BC /* SproutScheduledTaskCell.swift in Sources */ = {isa = PBXBuildFile; fileRef = FB5F348825B63E6900CCE6BC /* SproutScheduledTaskCell.swift */; };
		FB6661B2261F9CCF00DC8B04 /* NSPersistentContainer+Extensions.swift in Sources */ = {isa = PBXBuildFile; fileRef = FB6661B1261F9CCF00DC8B04 /* NSPersistentContainer+Extensions.swift */; };
		FB6661B6261F9E7700DC8B04 /* NSManagedObjectContext+Extensions.swift in Sources */ = {isa = PBXBuildFile; fileRef = FB6661B5261F9E7700DC8B04 /* NSManagedObjectContext+Extensions.swift */; };
		FB6661CB2620938F00DC8B04 /* Utility.swift in Sources */ = {isa = PBXBuildFile; fileRef = FB6661CA2620938F00DC8B04 /* Utility.swift */; };
		FB6C45FC25EFEA00009ED947 /* UIView+Extension.swift in Sources */ = {isa = PBXBuildFile; fileRef = FB6C45FB25EFEA00009ED947 /* UIView+Extension.swift */; };
		FB6C461725F1975F009ED947 /* UIColor+Extension.swift in Sources */ = {isa = PBXBuildFile; fileRef = FB6C461625F1975F009ED947 /* UIColor+Extension.swift */; };
		FB6CD6582657E17500D7DE82 /* RemindersProvider.swift in Sources */ = {isa = PBXBuildFile; fileRef = FB6CD6572657E17500D7DE82 /* RemindersProvider.swift */; };
		FB6CD65A2657EADD00D7DE82 /* TaskNotificationManager.swift in Sources */ = {isa = PBXBuildFile; fileRef = FB6CD6592657EADD00D7DE82 /* TaskNotificationManager.swift */; };
		FB73F2972656B60F002F1C55 /* LocalNotificationManager.swift in Sources */ = {isa = PBXBuildFile; fileRef = FB73F2962656B60F002F1C55 /* LocalNotificationManager.swift */; };
		FB76D341262A592500D00036 /* SproutCareDetailView.swift in Sources */ = {isa = PBXBuildFile; fileRef = FB76D340262A592500D00036 /* SproutCareDetailView.swift */; };
		FB7ED5092614D111008FD1BE /* UIImageTransformer.swift in Sources */ = {isa = PBXBuildFile; fileRef = FB7ED5082614D111008FD1BE /* UIImageTransformer.swift */; };
		FB7ED5192615260F008FD1BE /* StorageProvider.swift in Sources */ = {isa = PBXBuildFile; fileRef = FB7ED5182615260F008FD1BE /* StorageProvider.swift */; };
		FB92AF66262E093D0062DE47 /* SproutCareDetailCell.swift in Sources */ = {isa = PBXBuildFile; fileRef = FB92AF65262E093D0062DE47 /* SproutCareDetailCell.swift */; };
		FB98B92C266199CF00629C1B /* UIViewController+DismissKeyboardGesture.swift in Sources */ = {isa = PBXBuildFile; fileRef = FB98B92B266199CF00629C1B /* UIViewController+DismissKeyboardGesture.swift */; };
		FB98B94326645BD800629C1B /* SproutLabel.swift in Sources */ = {isa = PBXBuildFile; fileRef = FB98B94226645BD800629C1B /* SproutLabel.swift */; };
		FB98B9452667C1C500629C1B /* Notification+CustomNames.swift in Sources */ = {isa = PBXBuildFile; fileRef = FB98B9442667C1C500629C1B /* Notification+CustomNames.swift */; };
		FB98B94826681F3600629C1B /* SproutDataModel.xcdatamodeld in Sources */ = {isa = PBXBuildFile; fileRef = FB98B94626681F3600629C1B /* SproutDataModel.xcdatamodeld */; };
		FB98B94B266858F100629C1B /* SproutCareHistoryMO.swift in Sources */ = {isa = PBXBuildFile; fileRef = FB98B94A266858F100629C1B /* SproutCareHistoryMO.swift */; };
		FB98B94D2668590000629C1B /* SproutCareTaskMO.swift in Sources */ = {isa = PBXBuildFile; fileRef = FB98B94C2668590000629C1B /* SproutCareTaskMO.swift */; };
		FB98B94F2668591100629C1B /* SproutPlantMO.swift in Sources */ = {isa = PBXBuildFile; fileRef = FB98B94E2668591100629C1B /* SproutPlantMO.swift */; };
		FB98B95126691E7500629C1B /* SproutCareTaskSchedule.swift in Sources */ = {isa = PBXBuildFile; fileRef = FB98B95026691E7500629C1B /* SproutCareTaskSchedule.swift */; };
		FB98B95326695C3200629C1B /* Optional+Comparable.swift in Sources */ = {isa = PBXBuildFile; fileRef = FB98B95226695C3200629C1B /* Optional+Comparable.swift */; };
		FB9C66AA263A539D00CDC15A /* SproutCardView.swift in Sources */ = {isa = PBXBuildFile; fileRef = FB9C66A9263A539D00CDC15A /* SproutCardView.swift */; };
		FB9E8C59262D08B400514AAB /* SproutButtonCell.swift in Sources */ = {isa = PBXBuildFile; fileRef = FB9E8C58262D08B400514AAB /* SproutButtonCell.swift */; };
		FBAF46302640527E00854D2C /* RoundedRectBackgroundView.swift in Sources */ = {isa = PBXBuildFile; fileRef = FBAF462F2640527E00854D2C /* RoundedRectBackgroundView.swift */; };
		FBAF464E2641FE5000854D2C /* CareRecurrenceRuleTests.swift in Sources */ = {isa = PBXBuildFile; fileRef = FBAF464D2641FE5000854D2C /* CareRecurrenceRuleTests.swift */; };
		FBAF46542642087600854D2C /* CareInfoTests.swift in Sources */ = {isa = PBXBuildFile; fileRef = FBAF46532642087600854D2C /* CareInfoTests.swift */; };
		FBB03C122637781C00F7F364 /* SproutHeroView.swift in Sources */ = {isa = PBXBuildFile; fileRef = FBB03C112637781C00F7F364 /* SproutHeroView.swift */; };
		FBB75BBF264AFBB3000CC823 /* PlantType.swift in Sources */ = {isa = PBXBuildFile; fileRef = FBB75BBE264AFBB3000CC823 /* PlantType.swift */; };
		FBC7330325DDB4F00048999C /* SproutIconCell.swift in Sources */ = {isa = PBXBuildFile; fileRef = FBC7330225DDB4F00048999C /* SproutIconCell.swift */; };
		FBCA565326740BFC008DBFFC /* PlantGroupSection.swift in Sources */ = {isa = PBXBuildFile; fileRef = FBCA562926740BFC008DBFFC /* PlantGroupSection.swift */; };
		FBCA565426740BFC008DBFFC /* PlantsProvider.swift in Sources */ = {isa = PBXBuildFile; fileRef = FBCA562A26740BFC008DBFFC /* PlantsProvider.swift */; };
		FBCA565526740BFC008DBFFC /* PlantGroupItem.swift in Sources */ = {isa = PBXBuildFile; fileRef = FBCA562B26740BFC008DBFFC /* PlantGroupItem.swift */; };
		FBCA565626740BFC008DBFFC /* PlantGroupViewModel.swift in Sources */ = {isa = PBXBuildFile; fileRef = FBCA562C26740BFC008DBFFC /* PlantGroupViewModel.swift */; };
		FBCA565726740BFC008DBFFC /* PlantGroupViewController.swift in Sources */ = {isa = PBXBuildFile; fileRef = FBCA562D26740BFC008DBFFC /* PlantGroupViewController.swift */; };
		FBCA565826740BFC008DBFFC /* SettingsView.swift in Sources */ = {isa = PBXBuildFile; fileRef = FBCA563126740BFC008DBFFC /* SettingsView.swift */; };
		FBCA565926740BFC008DBFFC /* MainViewController.swift in Sources */ = {isa = PBXBuildFile; fileRef = FBCA563326740BFC008DBFFC /* MainViewController.swift */; };
		FBCA565A26740BFC008DBFFC /* SproutCareTaskCellViewModel.swift in Sources */ = {isa = PBXBuildFile; fileRef = FBCA563526740BFC008DBFFC /* SproutCareTaskCellViewModel.swift */; };
		FBCA565B26740BFC008DBFFC /* PlantDetailViewController.swift in Sources */ = {isa = PBXBuildFile; fileRef = FBCA563626740BFC008DBFFC /* PlantDetailViewController.swift */; };
		FBCA565D26740BFC008DBFFC /* AddEditPlantViewController.swift in Sources */ = {isa = PBXBuildFile; fileRef = FBCA563B26740BFC008DBFFC /* AddEditPlantViewController.swift */; };
		FBCA565E26740BFC008DBFFC /* AddEditPlantViewControllerDelegate.swift in Sources */ = {isa = PBXBuildFile; fileRef = FBCA563C26740BFC008DBFFC /* AddEditPlantViewControllerDelegate.swift */; };
		FBCA565F26740BFC008DBFFC /* ButtonHeaderFooterView.swift in Sources */ = {isa = PBXBuildFile; fileRef = FBCA563E26740BFC008DBFFC /* ButtonHeaderFooterView.swift */; };
		FBCA566026740BFC008DBFFC /* CollectionViewHeader.swift in Sources */ = {isa = PBXBuildFile; fileRef = FBCA563F26740BFC008DBFFC /* CollectionViewHeader.swift */; };
		FBCA566126740BFC008DBFFC /* PlantIconSupplementaryView.swift in Sources */ = {isa = PBXBuildFile; fileRef = FBCA564026740BFC008DBFFC /* PlantIconSupplementaryView.swift */; };
		FBCA566326740BFC008DBFFC /* PlantTypePickerDelegate.swift in Sources */ = {isa = PBXBuildFile; fileRef = FBCA564326740BFC008DBFFC /* PlantTypePickerDelegate.swift */; };
		FBCA566426740BFC008DBFFC /* PlantTypePickerViewController.swift in Sources */ = {isa = PBXBuildFile; fileRef = FBCA564426740BFC008DBFFC /* PlantTypePickerViewController.swift */; };
		FBCA566526740BFC008DBFFC /* PlantTypesProvider.swift in Sources */ = {isa = PBXBuildFile; fileRef = FBCA564526740BFC008DBFFC /* PlantTypesProvider.swift */; };
		FBCA566626740BFC008DBFFC /* TaskEditorDelegate.swift in Sources */ = {isa = PBXBuildFile; fileRef = FBCA564726740BFC008DBFFC /* TaskEditorDelegate.swift */; };
		FBCA566726740BFC008DBFFC /* TaskEditorController.swift in Sources */ = {isa = PBXBuildFile; fileRef = FBCA564826740BFC008DBFFC /* TaskEditorController.swift */; };
		FBCA566826740BFC008DBFFC /* TaskEditorSection.swift in Sources */ = {isa = PBXBuildFile; fileRef = FBCA564A26740BFC008DBFFC /* TaskEditorSection.swift */; };
		FBCA566926740BFC008DBFFC /* TaskEditorItem.swift in Sources */ = {isa = PBXBuildFile; fileRef = FBCA564B26740BFC008DBFFC /* TaskEditorItem.swift */; };
		FBCA566A26740BFC008DBFFC /* RepeatFrequencyChoices.swift in Sources */ = {isa = PBXBuildFile; fileRef = FBCA564C26740BFC008DBFFC /* RepeatFrequencyChoices.swift */; };
		FBCA566B26740BFC008DBFFC /* UpNextViewModel.swift in Sources */ = {isa = PBXBuildFile; fileRef = FBCA564E26740BFC008DBFFC /* UpNextViewModel.swift */; };
		FBCA566C26740BFC008DBFFC /* UpNextSection.swift in Sources */ = {isa = PBXBuildFile; fileRef = FBCA564F26740BFC008DBFFC /* UpNextSection.swift */; };
		FBCA566D26740BFD008DBFFC /* UpNextViewController.swift in Sources */ = {isa = PBXBuildFile; fileRef = FBCA565026740BFC008DBFFC /* UpNextViewController.swift */; };
		FBCA566E26740BFD008DBFFC /* UpNextItem.swift in Sources */ = {isa = PBXBuildFile; fileRef = FBCA565126740BFC008DBFFC /* UpNextItem.swift */; };
		FBCA566F26740BFD008DBFFC /* UpNextProvider.swift in Sources */ = {isa = PBXBuildFile; fileRef = FBCA565226740BFC008DBFFC /* UpNextProvider.swift */; };
		FBCA567226744062008DBFFC /* PlantIconItemConfiguration.swift in Sources */ = {isa = PBXBuildFile; fileRef = FBCA567126744062008DBFFC /* PlantIconItemConfiguration.swift */; };
		FBCA567426744111008DBFFC /* TextFieldItemConfiguration.swift in Sources */ = {isa = PBXBuildFile; fileRef = FBCA567326744111008DBFFC /* TextFieldItemConfiguration.swift */; };
		FBCA5676267441EE008DBFFC /* CareDetailItemConfiguration.swift in Sources */ = {isa = PBXBuildFile; fileRef = FBCA5675267441EE008DBFFC /* CareDetailItemConfiguration.swift */; };
		FBD20AE4260FC6B7008915E1 /* String+Extensions.swift in Sources */ = {isa = PBXBuildFile; fileRef = FBD20AE3260FC6B7008915E1 /* String+Extensions.swift */; };
		FBD20AE8260FDB44008915E1 /* SproutSymbolSymbolIconView.swift in Sources */ = {isa = PBXBuildFile; fileRef = FBD20AE7260FDB44008915E1 /* SproutSymbolSymbolIconView.swift */; };
		FBEB4955260BDC4600F6060C /* RelativeDateFormatter.swift in Sources */ = {isa = PBXBuildFile; fileRef = FBEB4954260BDC4600F6060C /* RelativeDateFormatter.swift */; };
		FBEB4959260BEB9700F6060C /* UICellAccessory+Extensions.swift in Sources */ = {isa = PBXBuildFile; fileRef = FBEB4958260BEB9700F6060C /* UICellAccessory+Extensions.swift */; };
		FBEB4972260CBEF800F6060C /* SproutCardCell.swift in Sources */ = {isa = PBXBuildFile; fileRef = FBEB4971260CBEF800F6060C /* SproutCardCell.swift */; };
		FBF8AC5225DD80AC00E7E8EB /* SproutIconView.swift in Sources */ = {isa = PBXBuildFile; fileRef = FBF8AC5125DD80AC00E7E8EB /* SproutIconView.swift */; };
/* End PBXBuildFile section */

/* Begin PBXContainerItemProxy section */
		FBCA562426740B81008DBFFC /* PBXContainerItemProxy */ = {
			isa = PBXContainerItemProxy;
			containerPortal = FB21B6EC25B1E5CC00D02384 /* Project object */;
			proxyType = 1;
			remoteGlobalIDString = FB21B6F325B1E5CC00D02384;
			remoteInfo = Sprout;
		};
/* End PBXContainerItemProxy section */

/* Begin PBXFileReference section */
		FB0A9F3525DC5D7E0084AED8 /* SproutTextFieldCell.swift */ = {isa = PBXFileReference; lastKnownFileType = sourcecode.swift; path = SproutTextFieldCell.swift; sourceTree = "<group>"; };
		FB21B6F425B1E5CC00D02384 /* Sprout.app */ = {isa = PBXFileReference; explicitFileType = wrapper.application; includeInIndex = 0; path = Sprout.app; sourceTree = BUILT_PRODUCTS_DIR; };
		FB21B6F725B1E5CC00D02384 /* AppDelegate.swift */ = {isa = PBXFileReference; lastKnownFileType = sourcecode.swift; path = AppDelegate.swift; sourceTree = "<group>"; };
		FB21B6F925B1E5CC00D02384 /* SceneDelegate.swift */ = {isa = PBXFileReference; lastKnownFileType = sourcecode.swift; path = SceneDelegate.swift; sourceTree = "<group>"; };
		FB21B70025B1E5CC00D02384 /* Assets.xcassets */ = {isa = PBXFileReference; lastKnownFileType = folder.assetcatalog; path = Assets.xcassets; sourceTree = "<group>"; };
		FB21B70325B1E5CC00D02384 /* Base */ = {isa = PBXFileReference; lastKnownFileType = file.storyboard; name = Base; path = Base.lproj/LaunchScreen.storyboard; sourceTree = "<group>"; };
		FB21B70525B1E5CC00D02384 /* Info.plist */ = {isa = PBXFileReference; lastKnownFileType = text.plist.xml; path = Info.plist; sourceTree = "<group>"; };
		FB24CEFA26025DA0002D14DF /* UIListContentConfiguration+Extension.swift */ = {isa = PBXFileReference; lastKnownFileType = sourcecode.swift; path = "UIListContentConfiguration+Extension.swift"; sourceTree = "<group>"; };
		FB28A8E72649A2DE00B1206E /* SproutChipView.swift */ = {isa = PBXFileReference; lastKnownFileType = sourcecode.swift; path = SproutChipView.swift; sourceTree = "<group>"; };
		FB28A8EC264AB7D700B1206E /* CareScheduleFormatter.swift */ = {isa = PBXFileReference; lastKnownFileType = sourcecode.swift; path = CareScheduleFormatter.swift; sourceTree = "<group>"; };
		FB43D639266D680600FA9FA1 /* SproutBlurredHeaderView.swift */ = {isa = PBXFileReference; lastKnownFileType = sourcecode.swift; path = SproutBlurredHeaderView.swift; sourceTree = "<group>"; };
		FB43D63F266DB4BE00FA9FA1 /* DetailHeroReusableView.swift */ = {isa = PBXFileReference; lastKnownFileType = sourcecode.swift; path = DetailHeroReusableView.swift; sourceTree = "<group>"; };
		FB43D644266E665E00FA9FA1 /* UserDefaults+Extensions.swift */ = {isa = PBXFileReference; lastKnownFileType = sourcecode.swift; path = "UserDefaults+Extensions.swift"; sourceTree = "<group>"; };
		FB43D646266E70BD00FA9FA1 /* Date+RawRepresentable.swift */ = {isa = PBXFileReference; lastKnownFileType = sourcecode.swift; path = "Date+RawRepresentable.swift"; sourceTree = "<group>"; };
		FB4FAB08265EDE7C001A9201 /* HashableClosure.swift */ = {isa = PBXFileReference; lastKnownFileType = sourcecode.swift; path = HashableClosure.swift; sourceTree = "<group>"; };
		FB5CB8442670F92400A7F60E /* SproutDataModel-v1.0.1.xcdatamodel */ = {isa = PBXFileReference; lastKnownFileType = wrapper.xcdatamodel; path = "SproutDataModel-v1.0.1.xcdatamodel"; sourceTree = "<group>"; };
		FB5CB847267176D300A7F60E /* SproutDataModel-1.0.0-1.0.1.xcmappingmodel */ = {isa = PBXFileReference; lastKnownFileType = wrapper.xcmappingmodel; path = "SproutDataModel-1.0.0-1.0.1.xcmappingmodel"; sourceTree = "<group>"; };
		FB5CB84D2672624E00A7F60E /* ModelStore.swift */ = {isa = PBXFileReference; lastKnownFileType = sourcecode.swift; path = ModelStore.swift; sourceTree = "<group>"; };
		FB5CB85626726B0600A7F60E /* DayOfWeekPicker.swift */ = {isa = PBXFileReference; lastKnownFileType = sourcecode.swift; path = DayOfWeekPicker.swift; sourceTree = "<group>"; };
		FB5CB85826728A2600A7F60E /* SproutDayOfWeekPickerCollectionViewCell.swift */ = {isa = PBXFileReference; lastKnownFileType = sourcecode.swift; path = SproutDayOfWeekPickerCollectionViewCell.swift; sourceTree = "<group>"; };
		FB5CB85B2672A72300A7F60E /* SproutCapsuleButton.swift */ = {isa = PBXFileReference; lastKnownFileType = sourcecode.swift; path = SproutCapsuleButton.swift; sourceTree = "<group>"; };
		FB5CB85F26730BF200A7F60E /* DayOfMonthPicker.swift */ = {isa = PBXFileReference; lastKnownFileType = sourcecode.swift; path = DayOfMonthPicker.swift; sourceTree = "<group>"; };
		FB5CB86126739F5D00A7F60E /* SproutDayOfMonthPickerCollectionViewCell.swift */ = {isa = PBXFileReference; lastKnownFileType = sourcecode.swift; path = SproutDayOfMonthPickerCollectionViewCell.swift; sourceTree = "<group>"; };
		FB5CB8632673A43400A7F60E /* CircleButtonCollectionViewCell.swift */ = {isa = PBXFileReference; lastKnownFileType = sourcecode.swift; path = CircleButtonCollectionViewCell.swift; sourceTree = "<group>"; };
		FB5CB8652673B7C000A7F60E /* Bool+XOR.swift */ = {isa = PBXFileReference; lastKnownFileType = sourcecode.swift; path = "Bool+XOR.swift"; sourceTree = "<group>"; };
		FB5F348825B63E6900CCE6BC /* SproutScheduledTaskCell.swift */ = {isa = PBXFileReference; lastKnownFileType = sourcecode.swift; path = SproutScheduledTaskCell.swift; sourceTree = "<group>"; };
		FB6661B1261F9CCF00DC8B04 /* NSPersistentContainer+Extensions.swift */ = {isa = PBXFileReference; lastKnownFileType = sourcecode.swift; path = "NSPersistentContainer+Extensions.swift"; sourceTree = "<group>"; };
		FB6661B5261F9E7700DC8B04 /* NSManagedObjectContext+Extensions.swift */ = {isa = PBXFileReference; lastKnownFileType = sourcecode.swift; path = "NSManagedObjectContext+Extensions.swift"; sourceTree = "<group>"; };
		FB6661CA2620938F00DC8B04 /* Utility.swift */ = {isa = PBXFileReference; lastKnownFileType = sourcecode.swift; path = Utility.swift; sourceTree = "<group>"; };
		FB6C45FB25EFEA00009ED947 /* UIView+Extension.swift */ = {isa = PBXFileReference; lastKnownFileType = sourcecode.swift; path = "UIView+Extension.swift"; sourceTree = "<group>"; };
		FB6C461625F1975F009ED947 /* UIColor+Extension.swift */ = {isa = PBXFileReference; lastKnownFileType = sourcecode.swift; path = "UIColor+Extension.swift"; sourceTree = "<group>"; };
		FB6CD6572657E17500D7DE82 /* RemindersProvider.swift */ = {isa = PBXFileReference; lastKnownFileType = sourcecode.swift; path = RemindersProvider.swift; sourceTree = "<group>"; };
		FB6CD6592657EADD00D7DE82 /* TaskNotificationManager.swift */ = {isa = PBXFileReference; lastKnownFileType = sourcecode.swift; path = TaskNotificationManager.swift; sourceTree = "<group>"; };
		FB73F2962656B60F002F1C55 /* LocalNotificationManager.swift */ = {isa = PBXFileReference; lastKnownFileType = sourcecode.swift; path = LocalNotificationManager.swift; sourceTree = "<group>"; };
		FB7490E825B1E71200925C29 /* SproutTests.xctest */ = {isa = PBXFileReference; explicitFileType = wrapper.cfbundle; includeInIndex = 0; path = SproutTests.xctest; sourceTree = BUILT_PRODUCTS_DIR; };
		FB7490EC25B1E71200925C29 /* Info.plist */ = {isa = PBXFileReference; lastKnownFileType = text.plist.xml; path = Info.plist; sourceTree = "<group>"; };
		FB76D340262A592500D00036 /* SproutCareDetailView.swift */ = {isa = PBXFileReference; lastKnownFileType = sourcecode.swift; path = SproutCareDetailView.swift; sourceTree = "<group>"; };
		FB7ED5082614D111008FD1BE /* UIImageTransformer.swift */ = {isa = PBXFileReference; lastKnownFileType = sourcecode.swift; path = UIImageTransformer.swift; sourceTree = "<group>"; };
		FB7ED5182615260F008FD1BE /* StorageProvider.swift */ = {isa = PBXFileReference; lastKnownFileType = sourcecode.swift; path = StorageProvider.swift; sourceTree = "<group>"; };
		FB92AF65262E093D0062DE47 /* SproutCareDetailCell.swift */ = {isa = PBXFileReference; lastKnownFileType = sourcecode.swift; path = SproutCareDetailCell.swift; sourceTree = "<group>"; };
		FB98B92B266199CF00629C1B /* UIViewController+DismissKeyboardGesture.swift */ = {isa = PBXFileReference; lastKnownFileType = sourcecode.swift; path = "UIViewController+DismissKeyboardGesture.swift"; sourceTree = "<group>"; };
		FB98B94226645BD800629C1B /* SproutLabel.swift */ = {isa = PBXFileReference; lastKnownFileType = sourcecode.swift; path = SproutLabel.swift; sourceTree = "<group>"; };
		FB98B9442667C1C500629C1B /* Notification+CustomNames.swift */ = {isa = PBXFileReference; lastKnownFileType = sourcecode.swift; path = "Notification+CustomNames.swift"; sourceTree = "<group>"; };
		FB98B94726681F3600629C1B /* SproutDataModel.xcdatamodel */ = {isa = PBXFileReference; lastKnownFileType = wrapper.xcdatamodel; path = SproutDataModel.xcdatamodel; sourceTree = "<group>"; };
		FB98B94A266858F100629C1B /* SproutCareHistoryMO.swift */ = {isa = PBXFileReference; lastKnownFileType = sourcecode.swift; path = SproutCareHistoryMO.swift; sourceTree = "<group>"; };
		FB98B94C2668590000629C1B /* SproutCareTaskMO.swift */ = {isa = PBXFileReference; lastKnownFileType = sourcecode.swift; path = SproutCareTaskMO.swift; sourceTree = "<group>"; };
		FB98B94E2668591100629C1B /* SproutPlantMO.swift */ = {isa = PBXFileReference; lastKnownFileType = sourcecode.swift; path = SproutPlantMO.swift; sourceTree = "<group>"; };
		FB98B95026691E7500629C1B /* SproutCareTaskSchedule.swift */ = {isa = PBXFileReference; lastKnownFileType = sourcecode.swift; path = SproutCareTaskSchedule.swift; sourceTree = "<group>"; };
		FB98B95226695C3200629C1B /* Optional+Comparable.swift */ = {isa = PBXFileReference; lastKnownFileType = sourcecode.swift; path = "Optional+Comparable.swift"; sourceTree = "<group>"; };
		FB9C66A9263A539D00CDC15A /* SproutCardView.swift */ = {isa = PBXFileReference; lastKnownFileType = sourcecode.swift; path = SproutCardView.swift; sourceTree = "<group>"; };
		FB9E8C58262D08B400514AAB /* SproutButtonCell.swift */ = {isa = PBXFileReference; lastKnownFileType = sourcecode.swift; path = SproutButtonCell.swift; sourceTree = "<group>"; };
		FBAF462F2640527E00854D2C /* RoundedRectBackgroundView.swift */ = {isa = PBXFileReference; lastKnownFileType = sourcecode.swift; path = RoundedRectBackgroundView.swift; sourceTree = "<group>"; };
		FBAF464D2641FE5000854D2C /* CareRecurrenceRuleTests.swift */ = {isa = PBXFileReference; lastKnownFileType = sourcecode.swift; path = CareRecurrenceRuleTests.swift; sourceTree = "<group>"; };
		FBAF46532642087600854D2C /* CareInfoTests.swift */ = {isa = PBXFileReference; lastKnownFileType = sourcecode.swift; path = CareInfoTests.swift; sourceTree = "<group>"; };
		FBB03C112637781C00F7F364 /* SproutHeroView.swift */ = {isa = PBXFileReference; lastKnownFileType = sourcecode.swift; path = SproutHeroView.swift; sourceTree = "<group>"; };
		FBB75BBE264AFBB3000CC823 /* PlantType.swift */ = {isa = PBXFileReference; fileEncoding = 4; lastKnownFileType = sourcecode.swift; path = PlantType.swift; sourceTree = "<group>"; };
		FBC7330225DDB4F00048999C /* SproutIconCell.swift */ = {isa = PBXFileReference; lastKnownFileType = sourcecode.swift; path = SproutIconCell.swift; sourceTree = "<group>"; };
		FBCA562926740BFC008DBFFC /* PlantGroupSection.swift */ = {isa = PBXFileReference; fileEncoding = 4; lastKnownFileType = sourcecode.swift; path = PlantGroupSection.swift; sourceTree = "<group>"; };
		FBCA562A26740BFC008DBFFC /* PlantsProvider.swift */ = {isa = PBXFileReference; fileEncoding = 4; lastKnownFileType = sourcecode.swift; path = PlantsProvider.swift; sourceTree = "<group>"; };
		FBCA562B26740BFC008DBFFC /* PlantGroupItem.swift */ = {isa = PBXFileReference; fileEncoding = 4; lastKnownFileType = sourcecode.swift; path = PlantGroupItem.swift; sourceTree = "<group>"; };
		FBCA562C26740BFC008DBFFC /* PlantGroupViewModel.swift */ = {isa = PBXFileReference; fileEncoding = 4; lastKnownFileType = sourcecode.swift; path = PlantGroupViewModel.swift; sourceTree = "<group>"; };
		FBCA562D26740BFC008DBFFC /* PlantGroupViewController.swift */ = {isa = PBXFileReference; fileEncoding = 4; lastKnownFileType = sourcecode.swift; path = PlantGroupViewController.swift; sourceTree = "<group>"; };
		FBCA563126740BFC008DBFFC /* SettingsView.swift */ = {isa = PBXFileReference; fileEncoding = 4; lastKnownFileType = sourcecode.swift; path = SettingsView.swift; sourceTree = "<group>"; };
		FBCA563326740BFC008DBFFC /* MainViewController.swift */ = {isa = PBXFileReference; fileEncoding = 4; lastKnownFileType = sourcecode.swift; path = MainViewController.swift; sourceTree = "<group>"; };
		FBCA563526740BFC008DBFFC /* SproutCareTaskCellViewModel.swift */ = {isa = PBXFileReference; fileEncoding = 4; lastKnownFileType = sourcecode.swift; path = SproutCareTaskCellViewModel.swift; sourceTree = "<group>"; };
		FBCA563626740BFC008DBFFC /* PlantDetailViewController.swift */ = {isa = PBXFileReference; fileEncoding = 4; lastKnownFileType = sourcecode.swift; path = PlantDetailViewController.swift; sourceTree = "<group>"; };
		FBCA563B26740BFC008DBFFC /* AddEditPlantViewController.swift */ = {isa = PBXFileReference; fileEncoding = 4; lastKnownFileType = sourcecode.swift; path = AddEditPlantViewController.swift; sourceTree = "<group>"; };
		FBCA563C26740BFC008DBFFC /* AddEditPlantViewControllerDelegate.swift */ = {isa = PBXFileReference; fileEncoding = 4; lastKnownFileType = sourcecode.swift; path = AddEditPlantViewControllerDelegate.swift; sourceTree = "<group>"; };
		FBCA563E26740BFC008DBFFC /* ButtonHeaderFooterView.swift */ = {isa = PBXFileReference; fileEncoding = 4; lastKnownFileType = sourcecode.swift; path = ButtonHeaderFooterView.swift; sourceTree = "<group>"; };
		FBCA563F26740BFC008DBFFC /* CollectionViewHeader.swift */ = {isa = PBXFileReference; fileEncoding = 4; lastKnownFileType = sourcecode.swift; path = CollectionViewHeader.swift; sourceTree = "<group>"; };
		FBCA564026740BFC008DBFFC /* PlantIconSupplementaryView.swift */ = {isa = PBXFileReference; fileEncoding = 4; lastKnownFileType = sourcecode.swift; path = PlantIconSupplementaryView.swift; sourceTree = "<group>"; };
		FBCA564326740BFC008DBFFC /* PlantTypePickerDelegate.swift */ = {isa = PBXFileReference; fileEncoding = 4; lastKnownFileType = sourcecode.swift; path = PlantTypePickerDelegate.swift; sourceTree = "<group>"; };
		FBCA564426740BFC008DBFFC /* PlantTypePickerViewController.swift */ = {isa = PBXFileReference; fileEncoding = 4; lastKnownFileType = sourcecode.swift; path = PlantTypePickerViewController.swift; sourceTree = "<group>"; };
		FBCA564526740BFC008DBFFC /* PlantTypesProvider.swift */ = {isa = PBXFileReference; fileEncoding = 4; lastKnownFileType = sourcecode.swift; path = PlantTypesProvider.swift; sourceTree = "<group>"; };
		FBCA564726740BFC008DBFFC /* TaskEditorDelegate.swift */ = {isa = PBXFileReference; fileEncoding = 4; lastKnownFileType = sourcecode.swift; path = TaskEditorDelegate.swift; sourceTree = "<group>"; };
		FBCA564826740BFC008DBFFC /* TaskEditorController.swift */ = {isa = PBXFileReference; fileEncoding = 4; lastKnownFileType = sourcecode.swift; path = TaskEditorController.swift; sourceTree = "<group>"; };
		FBCA564A26740BFC008DBFFC /* TaskEditorSection.swift */ = {isa = PBXFileReference; fileEncoding = 4; lastKnownFileType = sourcecode.swift; path = TaskEditorSection.swift; sourceTree = "<group>"; };
		FBCA564B26740BFC008DBFFC /* TaskEditorItem.swift */ = {isa = PBXFileReference; fileEncoding = 4; lastKnownFileType = sourcecode.swift; path = TaskEditorItem.swift; sourceTree = "<group>"; };
		FBCA564C26740BFC008DBFFC /* RepeatFrequencyChoices.swift */ = {isa = PBXFileReference; fileEncoding = 4; lastKnownFileType = sourcecode.swift; path = RepeatFrequencyChoices.swift; sourceTree = "<group>"; };
		FBCA564E26740BFC008DBFFC /* UpNextViewModel.swift */ = {isa = PBXFileReference; fileEncoding = 4; lastKnownFileType = sourcecode.swift; path = UpNextViewModel.swift; sourceTree = "<group>"; };
		FBCA564F26740BFC008DBFFC /* UpNextSection.swift */ = {isa = PBXFileReference; fileEncoding = 4; lastKnownFileType = sourcecode.swift; path = UpNextSection.swift; sourceTree = "<group>"; };
		FBCA565026740BFC008DBFFC /* UpNextViewController.swift */ = {isa = PBXFileReference; fileEncoding = 4; lastKnownFileType = sourcecode.swift; path = UpNextViewController.swift; sourceTree = "<group>"; };
		FBCA565126740BFC008DBFFC /* UpNextItem.swift */ = {isa = PBXFileReference; fileEncoding = 4; lastKnownFileType = sourcecode.swift; path = UpNextItem.swift; sourceTree = "<group>"; };
		FBCA565226740BFC008DBFFC /* UpNextProvider.swift */ = {isa = PBXFileReference; fileEncoding = 4; lastKnownFileType = sourcecode.swift; path = UpNextProvider.swift; sourceTree = "<group>"; };
		FBCA567126744062008DBFFC /* PlantIconItemConfiguration.swift */ = {isa = PBXFileReference; lastKnownFileType = sourcecode.swift; path = PlantIconItemConfiguration.swift; sourceTree = "<group>"; };
		FBCA567326744111008DBFFC /* TextFieldItemConfiguration.swift */ = {isa = PBXFileReference; lastKnownFileType = sourcecode.swift; path = TextFieldItemConfiguration.swift; sourceTree = "<group>"; };
		FBCA5675267441EE008DBFFC /* CareDetailItemConfiguration.swift */ = {isa = PBXFileReference; lastKnownFileType = sourcecode.swift; path = CareDetailItemConfiguration.swift; sourceTree = "<group>"; };
		FBD20AE3260FC6B7008915E1 /* String+Extensions.swift */ = {isa = PBXFileReference; lastKnownFileType = sourcecode.swift; path = "String+Extensions.swift"; sourceTree = "<group>"; };
		FBD20AE7260FDB44008915E1 /* SproutSymbolSymbolIconView.swift */ = {isa = PBXFileReference; lastKnownFileType = sourcecode.swift; path = SproutSymbolSymbolIconView.swift; sourceTree = "<group>"; };
		FBEB4954260BDC4600F6060C /* RelativeDateFormatter.swift */ = {isa = PBXFileReference; lastKnownFileType = sourcecode.swift; path = RelativeDateFormatter.swift; sourceTree = "<group>"; };
		FBEB4958260BEB9700F6060C /* UICellAccessory+Extensions.swift */ = {isa = PBXFileReference; lastKnownFileType = sourcecode.swift; path = "UICellAccessory+Extensions.swift"; sourceTree = "<group>"; };
		FBEB4971260CBEF800F6060C /* SproutCardCell.swift */ = {isa = PBXFileReference; fileEncoding = 4; lastKnownFileType = sourcecode.swift; path = SproutCardCell.swift; sourceTree = "<group>"; };
		FBF8AC5125DD80AC00E7E8EB /* SproutIconView.swift */ = {isa = PBXFileReference; lastKnownFileType = sourcecode.swift; path = SproutIconView.swift; sourceTree = "<group>"; };
/* End PBXFileReference section */

/* Begin PBXFrameworksBuildPhase section */
		FB21B6F125B1E5CC00D02384 /* Frameworks */ = {
			isa = PBXFrameworksBuildPhase;
			buildActionMask = 2147483647;
			files = (
			);
			runOnlyForDeploymentPostprocessing = 0;
		};
		FB7490E525B1E71200925C29 /* Frameworks */ = {
			isa = PBXFrameworksBuildPhase;
			buildActionMask = 2147483647;
			files = (
			);
			runOnlyForDeploymentPostprocessing = 0;
		};
/* End PBXFrameworksBuildPhase section */

/* Begin PBXGroup section */
		FB21B6EB25B1E5CC00D02384 = {
			isa = PBXGroup;
			children = (
				FB21B6F625B1E5CC00D02384 /* Sprout */,
				FB7490E925B1E71200925C29 /* SproutTests */,
				FB21B6F525B1E5CC00D02384 /* Products */,
			);
			sourceTree = "<group>";
		};
		FB21B6F525B1E5CC00D02384 /* Products */ = {
			isa = PBXGroup;
			children = (
				FB21B6F425B1E5CC00D02384 /* Sprout.app */,
				FB7490E825B1E71200925C29 /* SproutTests.xctest */,
			);
			name = Products;
			sourceTree = "<group>";
		};
		FB21B6F625B1E5CC00D02384 /* Sprout */ = {
			isa = PBXGroup;
			children = (
				FB21B70C25B1E5D900D02384 /* Model */,
				FB5CB85A2672A70400A7F60E /* Views */,
				FBCA562726740BFC008DBFFC /* View Controllers */,
				FBE8FFE8267406FB00C9CCFF /* Resources */,
			);
			path = Sprout;
			sourceTree = "<group>";
		};
		FB21B70C25B1E5D900D02384 /* Model */ = {
			isa = PBXGroup;
			children = (
				FB4FAB07265EDE68001A9201 /* Helpers */,
				FB98B9542669792100629C1B /* Static Data */,
				FB28A8EB264AB7C100B1206E /* Formatters */,
				FB6661C72620938200DC8B04 /* Core Data */,
				FB6C45FA25EFE9F0009ED947 /* Extensions */,
				FB98B9552669794F00629C1B /* Local Notifications */,
			);
			path = Model;
			sourceTree = "<group>";
		};
		FB28A8EB264AB7C100B1206E /* Formatters */ = {
			isa = PBXGroup;
			children = (
				FB6661CA2620938F00DC8B04 /* Utility.swift */,
				FBEB4954260BDC4600F6060C /* RelativeDateFormatter.swift */,
				FB28A8EC264AB7D700B1206E /* CareScheduleFormatter.swift */,
			);
			path = Formatters;
			sourceTree = "<group>";
		};
		FB43D63B266D918E00FA9FA1 /* Collection View Cells */ = {
			isa = PBXGroup;
			children = (
				FB5F348825B63E6900CCE6BC /* SproutScheduledTaskCell.swift */,
				FB9E8C55262CE06B00514AAB /* Sprout Cells */,
				FB9E8C54262CE05F00514AAB /* Form Cells */,
			);
			path = "Collection View Cells";
			sourceTree = "<group>";
		};
		FB43D63E266DB40A00FA9FA1 /* ReusableViews */ = {
			isa = PBXGroup;
			children = (
				FB43D63F266DB4BE00FA9FA1 /* DetailHeroReusableView.swift */,
			);
			path = ReusableViews;
			sourceTree = "<group>";
		};
		FB4FAB07265EDE68001A9201 /* Helpers */ = {
			isa = PBXGroup;
			children = (
				FB98B95026691E7500629C1B /* SproutCareTaskSchedule.swift */,
				FB4FAB08265EDE7C001A9201 /* HashableClosure.swift */,
				FB5CB84D2672624E00A7F60E /* ModelStore.swift */,
			);
			path = Helpers;
			sourceTree = "<group>";
		};
		FB5CB8492671A2D500A7F60E /* Mapping Models */ = {
			isa = PBXGroup;
			children = (
				FB5CB847267176D300A7F60E /* SproutDataModel-1.0.0-1.0.1.xcmappingmodel */,
			);
			path = "Mapping Models";
			sourceTree = "<group>";
		};
		FB5CB85526726AEC00A7F60E /* Pickers */ = {
			isa = PBXGroup;
			children = (
				FB5CB85626726B0600A7F60E /* DayOfWeekPicker.swift */,
				FB5CB85F26730BF200A7F60E /* DayOfMonthPicker.swift */,
			);
			path = Pickers;
			sourceTree = "<group>";
		};
		FB5CB85A2672A70400A7F60E /* Views */ = {
			isa = PBXGroup;
			children = (
				FB21B70225B1E5CC00D02384 /* LaunchScreen.storyboard */,
				FB5CB85526726AEC00A7F60E /* Pickers */,
				FB43D63E266DB40A00FA9FA1 /* ReusableViews */,
				FB43D63B266D918E00FA9FA1 /* Collection View Cells */,
				FBE8FFE72674068D00C9CCFF /* Components */,
				FBE8FFE62674062C00C9CCFF /* Containers */,
				FBE8FFE4267405F000C9CCFF /* Buttons */,
				FBE8FFE52674060100C9CCFF /* Backgrounds */,
			);
			path = Views;
			sourceTree = "<group>";
		};
		FB6661C72620938200DC8B04 /* Core Data */ = {
			isa = PBXGroup;
			children = (
				FB7ED5182615260F008FD1BE /* StorageProvider.swift */,
				FB98B94626681F3600629C1B /* SproutDataModel.xcdatamodeld */,
				FB5CB8492671A2D500A7F60E /* Mapping Models */,
				FB98B949266858D700629C1B /* Models */,
				FB98B94026629CDB00629C1B /* Value Transformers */,
			);
			path = "Core Data";
			sourceTree = "<group>";
		};
		FB6C45FA25EFE9F0009ED947 /* Extensions */ = {
			isa = PBXGroup;
			children = (
				FB24CEFA26025DA0002D14DF /* UIListContentConfiguration+Extension.swift */,
				FB6C45FB25EFEA00009ED947 /* UIView+Extension.swift */,
				FB6C461625F1975F009ED947 /* UIColor+Extension.swift */,
				FBEB4958260BEB9700F6060C /* UICellAccessory+Extensions.swift */,
				FBD20AE3260FC6B7008915E1 /* String+Extensions.swift */,
				FB6661B1261F9CCF00DC8B04 /* NSPersistentContainer+Extensions.swift */,
				FB6661B5261F9E7700DC8B04 /* NSManagedObjectContext+Extensions.swift */,
				FB98B92B266199CF00629C1B /* UIViewController+DismissKeyboardGesture.swift */,
				FB98B9442667C1C500629C1B /* Notification+CustomNames.swift */,
				FB98B95226695C3200629C1B /* Optional+Comparable.swift */,
				FB43D644266E665E00FA9FA1 /* UserDefaults+Extensions.swift */,
				FB43D646266E70BD00FA9FA1 /* Date+RawRepresentable.swift */,
				FB5CB8652673B7C000A7F60E /* Bool+XOR.swift */,
			);
			path = Extensions;
			sourceTree = "<group>";
		};
		FB6C463A25F44329009ED947 /* SproutIconView */ = {
			isa = PBXGroup;
			children = (
				FBF8AC5125DD80AC00E7E8EB /* SproutIconView.swift */,
				FBD20AE7260FDB44008915E1 /* SproutSymbolSymbolIconView.swift */,
			);
			path = SproutIconView;
			sourceTree = "<group>";
		};
		FB7490E925B1E71200925C29 /* SproutTests */ = {
			isa = PBXGroup;
			children = (
				FB7490EC25B1E71200925C29 /* Info.plist */,
				FBAF464D2641FE5000854D2C /* CareRecurrenceRuleTests.swift */,
				FBAF46532642087600854D2C /* CareInfoTests.swift */,
			);
			path = SproutTests;
			sourceTree = "<group>";
		};
		FB98B94026629CDB00629C1B /* Value Transformers */ = {
			isa = PBXGroup;
			children = (
				FB7ED5082614D111008FD1BE /* UIImageTransformer.swift */,
			);
			path = "Value Transformers";
			sourceTree = "<group>";
		};
		FB98B949266858D700629C1B /* Models */ = {
			isa = PBXGroup;
			children = (
				FB98B94A266858F100629C1B /* SproutCareHistoryMO.swift */,
				FB98B94C2668590000629C1B /* SproutCareTaskMO.swift */,
				FB98B94E2668591100629C1B /* SproutPlantMO.swift */,
			);
			path = Models;
			sourceTree = "<group>";
		};
		FB98B9542669792100629C1B /* Static Data */ = {
			isa = PBXGroup;
			children = (
				FBB75BBE264AFBB3000CC823 /* PlantType.swift */,
			);
			path = "Static Data";
			sourceTree = "<group>";
		};
		FB98B9552669794F00629C1B /* Local Notifications */ = {
			isa = PBXGroup;
			children = (
				FB6CD6572657E17500D7DE82 /* RemindersProvider.swift */,
				FB6CD6592657EADD00D7DE82 /* TaskNotificationManager.swift */,
				FB73F2962656B60F002F1C55 /* LocalNotificationManager.swift */,
			);
			path = "Local Notifications";
			sourceTree = "<group>";
		};
		FB9E8C54262CE05F00514AAB /* Form Cells */ = {
			isa = PBXGroup;
			children = (
				FB5CB85826728A2600A7F60E /* SproutDayOfWeekPickerCollectionViewCell.swift */,
				FB5CB86126739F5D00A7F60E /* SproutDayOfMonthPickerCollectionViewCell.swift */,
				FB0A9F3525DC5D7E0084AED8 /* SproutTextFieldCell.swift */,
				FB9E8C58262D08B400514AAB /* SproutButtonCell.swift */,
				FB5CB8632673A43400A7F60E /* CircleButtonCollectionViewCell.swift */,
			);
			path = "Form Cells";
			sourceTree = "<group>";
		};
		FB9E8C55262CE06B00514AAB /* Sprout Cells */ = {
			isa = PBXGroup;
			children = (
				FBEB4971260CBEF800F6060C /* SproutCardCell.swift */,
				FBC7330225DDB4F00048999C /* SproutIconCell.swift */,
				FB92AF65262E093D0062DE47 /* SproutCareDetailCell.swift */,
			);
			path = "Sprout Cells";
			sourceTree = "<group>";
		};
		FBCA562726740BFC008DBFFC /* View Controllers */ = {
			isa = PBXGroup;
			children = (
				FBCA563226740BFC008DBFFC /* MainViewController */,
				FBCA564D26740BFC008DBFFC /* Up Next */,
				FBCA562826740BFC008DBFFC /* All Plants */,
				FBCA563026740BFC008DBFFC /* Settings */,
				FBCA563426740BFC008DBFFC /* Plant Detail */,
				FBCA563726740BFC008DBFFC /* Editors */,
			);
			path = "View Controllers";
			sourceTree = "<group>";
		};
		FBCA562826740BFC008DBFFC /* All Plants */ = {
			isa = PBXGroup;
			children = (
				FBCA562926740BFC008DBFFC /* PlantGroupSection.swift */,
				FBCA562A26740BFC008DBFFC /* PlantsProvider.swift */,
				FBCA562B26740BFC008DBFFC /* PlantGroupItem.swift */,
				FBCA562C26740BFC008DBFFC /* PlantGroupViewModel.swift */,
				FBCA562D26740BFC008DBFFC /* PlantGroupViewController.swift */,
			);
			path = "All Plants";
			sourceTree = "<group>";
		};
		FBCA563026740BFC008DBFFC /* Settings */ = {
			isa = PBXGroup;
			children = (
				FBCA563126740BFC008DBFFC /* SettingsView.swift */,
			);
			path = Settings;
			sourceTree = "<group>";
		};
		FBCA563226740BFC008DBFFC /* MainViewController */ = {
			isa = PBXGroup;
			children = (
				FBCA563326740BFC008DBFFC /* MainViewController.swift */,
			);
			path = MainViewController;
			sourceTree = "<group>";
		};
		FBCA563426740BFC008DBFFC /* Plant Detail */ = {
			isa = PBXGroup;
			children = (
				FBCA563626740BFC008DBFFC /* PlantDetailViewController.swift */,
				FBCA563526740BFC008DBFFC /* SproutCareTaskCellViewModel.swift */,
			);
			path = "Plant Detail";
			sourceTree = "<group>";
		};
		FBCA563726740BFC008DBFFC /* Editors */ = {
			isa = PBXGroup;
			children = (
				FBCA563A26740BFC008DBFFC /* Add-Edit Plant */,
				FBCA564226740BFC008DBFFC /* Edit Plant Type */,
				FBCA564626740BFC008DBFFC /* Add-Edit Care Detail */,
			);
			path = Editors;
			sourceTree = "<group>";
		};
		FBCA563A26740BFC008DBFFC /* Add-Edit Plant */ = {
			isa = PBXGroup;
			children = (
				FBCA567026744042008DBFFC /* Item Configuration */,
				FBCA563B26740BFC008DBFFC /* AddEditPlantViewController.swift */,
				FBCA563C26740BFC008DBFFC /* AddEditPlantViewControllerDelegate.swift */,
				FBCA563D26740BFC008DBFFC /* Collection View Cells */,
			);
			path = "Add-Edit Plant";
			sourceTree = "<group>";
		};
		FBCA563D26740BFC008DBFFC /* Collection View Cells */ = {
			isa = PBXGroup;
			children = (
				FBCA563E26740BFC008DBFFC /* ButtonHeaderFooterView.swift */,
				FBCA563F26740BFC008DBFFC /* CollectionViewHeader.swift */,
				FBCA564026740BFC008DBFFC /* PlantIconSupplementaryView.swift */,
			);
			path = "Collection View Cells";
			sourceTree = "<group>";
		};
		FBCA564226740BFC008DBFFC /* Edit Plant Type */ = {
			isa = PBXGroup;
			children = (
				FBCA564326740BFC008DBFFC /* PlantTypePickerDelegate.swift */,
				FBCA564426740BFC008DBFFC /* PlantTypePickerViewController.swift */,
				FBCA564526740BFC008DBFFC /* PlantTypesProvider.swift */,
			);
			path = "Edit Plant Type";
			sourceTree = "<group>";
		};
		FBCA564626740BFC008DBFFC /* Add-Edit Care Detail */ = {
			isa = PBXGroup;
			children = (
				FBCA564726740BFC008DBFFC /* TaskEditorDelegate.swift */,
				FBCA564826740BFC008DBFFC /* TaskEditorController.swift */,
				FBCA564926740BFC008DBFFC /* Model */,
			);
			path = "Add-Edit Care Detail";
			sourceTree = "<group>";
		};
		FBCA564926740BFC008DBFFC /* Model */ = {
			isa = PBXGroup;
			children = (
				FBCA564A26740BFC008DBFFC /* TaskEditorSection.swift */,
				FBCA564B26740BFC008DBFFC /* TaskEditorItem.swift */,
				FBCA564C26740BFC008DBFFC /* RepeatFrequencyChoices.swift */,
			);
			path = Model;
			sourceTree = "<group>";
		};
		FBCA564D26740BFC008DBFFC /* Up Next */ = {
			isa = PBXGroup;
			children = (
				FBCA564E26740BFC008DBFFC /* UpNextViewModel.swift */,
				FBCA564F26740BFC008DBFFC /* UpNextSection.swift */,
				FBCA565026740BFC008DBFFC /* UpNextViewController.swift */,
				FBCA565126740BFC008DBFFC /* UpNextItem.swift */,
				FBCA565226740BFC008DBFFC /* UpNextProvider.swift */,
			);
			path = "Up Next";
			sourceTree = "<group>";
		};
		FBCA567026744042008DBFFC /* Item Configuration */ = {
			isa = PBXGroup;
			children = (
				FBCA567126744062008DBFFC /* PlantIconItemConfiguration.swift */,
				FBCA567326744111008DBFFC /* TextFieldItemConfiguration.swift */,
				FBCA5675267441EE008DBFFC /* CareDetailItemConfiguration.swift */,
			);
			path = "Item Configuration";
			sourceTree = "<group>";
		};
		FBE8FFE4267405F000C9CCFF /* Buttons */ = {
			isa = PBXGroup;
			children = (
				FB5CB85B2672A72300A7F60E /* SproutCapsuleButton.swift */,
			);
			path = Buttons;
			sourceTree = "<group>";
		};
		FBE8FFE52674060100C9CCFF /* Backgrounds */ = {
			isa = PBXGroup;
			children = (
				FBAF462F2640527E00854D2C /* RoundedRectBackgroundView.swift */,
			);
			path = Backgrounds;
			sourceTree = "<group>";
		};
		FBE8FFE62674062C00C9CCFF /* Containers */ = {
			isa = PBXGroup;
			children = (
				FB76D340262A592500D00036 /* SproutCareDetailView.swift */,
				FB43D639266D680600FA9FA1 /* SproutBlurredHeaderView.swift */,
				FB9C66A9263A539D00CDC15A /* SproutCardView.swift */,
				FBB03C112637781C00F7F364 /* SproutHeroView.swift */,
			);
			path = Containers;
			sourceTree = "<group>";
		};
		FBE8FFE72674068D00C9CCFF /* Components */ = {
			isa = PBXGroup;
			children = (
				FB98B94226645BD800629C1B /* SproutLabel.swift */,
				FB28A8E72649A2DE00B1206E /* SproutChipView.swift */,
				FB6C463A25F44329009ED947 /* SproutIconView */,
			);
			path = Components;
			sourceTree = "<group>";
		};
		FBE8FFE8267406FB00C9CCFF /* Resources */ = {
			isa = PBXGroup;
			children = (
				FB21B6F725B1E5CC00D02384 /* AppDelegate.swift */,
				FB21B6F925B1E5CC00D02384 /* SceneDelegate.swift */,
				FB21B70025B1E5CC00D02384 /* Assets.xcassets */,
				FB21B70525B1E5CC00D02384 /* Info.plist */,
			);
			path = Resources;
			sourceTree = "<group>";
		};
/* End PBXGroup section */

/* Begin PBXNativeTarget section */
		FB21B6F325B1E5CC00D02384 /* Sprout */ = {
			isa = PBXNativeTarget;
			buildConfigurationList = FB21B70825B1E5CC00D02384 /* Build configuration list for PBXNativeTarget "Sprout" */;
			buildPhases = (
				FB21B6F025B1E5CC00D02384 /* Sources */,
				FB21B6F125B1E5CC00D02384 /* Frameworks */,
				FB21B6F225B1E5CC00D02384 /* Resources */,
			);
			buildRules = (
			);
			dependencies = (
			);
			name = Sprout;
			productName = GrowApp;
			productReference = FB21B6F425B1E5CC00D02384 /* Sprout.app */;
			productType = "com.apple.product-type.application";
		};
		FB7490E725B1E71200925C29 /* SproutTests */ = {
			isa = PBXNativeTarget;
			buildConfigurationList = FB7490F125B1E71200925C29 /* Build configuration list for PBXNativeTarget "SproutTests" */;
			buildPhases = (
				FB7490E425B1E71200925C29 /* Sources */,
				FB7490E525B1E71200925C29 /* Frameworks */,
				FB7490E625B1E71200925C29 /* Resources */,
			);
			buildRules = (
			);
			dependencies = (
				FBCA562526740B81008DBFFC /* PBXTargetDependency */,
			);
			name = SproutTests;
			productName = GrowAppTests;
			productReference = FB7490E825B1E71200925C29 /* SproutTests.xctest */;
			productType = "com.apple.product-type.bundle.unit-test";
		};
/* End PBXNativeTarget section */

/* Begin PBXProject section */
		FB21B6EC25B1E5CC00D02384 /* Project object */ = {
			isa = PBXProject;
			attributes = {
				LastSwiftUpdateCheck = 1230;
				LastUpgradeCheck = 1230;
				TargetAttributes = {
					FB21B6F325B1E5CC00D02384 = {
						CreatedOnToolsVersion = 12.3;
					};
					FB7490E725B1E71200925C29 = {
						CreatedOnToolsVersion = 12.3;
						LastSwiftMigration = 1240;
						TestTargetID = FB21B6F325B1E5CC00D02384;
					};
				};
			};
			buildConfigurationList = FB21B6EF25B1E5CC00D02384 /* Build configuration list for PBXProject "Sprout" */;
			compatibilityVersion = "Xcode 9.3";
			developmentRegion = en;
			hasScannedForEncodings = 0;
			knownRegions = (
				en,
				Base,
			);
			mainGroup = FB21B6EB25B1E5CC00D02384;
			productRefGroup = FB21B6F525B1E5CC00D02384 /* Products */;
			projectDirPath = "";
			projectRoot = "";
			targets = (
				FB21B6F325B1E5CC00D02384 /* Sprout */,
				FB7490E725B1E71200925C29 /* SproutTests */,
			);
		};
/* End PBXProject section */

/* Begin PBXResourcesBuildPhase section */
		FB21B6F225B1E5CC00D02384 /* Resources */ = {
			isa = PBXResourcesBuildPhase;
			buildActionMask = 2147483647;
			files = (
				FB21B70425B1E5CC00D02384 /* LaunchScreen.storyboard in Resources */,
				FB21B70125B1E5CC00D02384 /* Assets.xcassets in Resources */,
			);
			runOnlyForDeploymentPostprocessing = 0;
		};
		FB7490E625B1E71200925C29 /* Resources */ = {
			isa = PBXResourcesBuildPhase;
			buildActionMask = 2147483647;
			files = (
			);
			runOnlyForDeploymentPostprocessing = 0;
		};
/* End PBXResourcesBuildPhase section */

/* Begin PBXSourcesBuildPhase section */
		FB21B6F025B1E5CC00D02384 /* Sources */ = {
			isa = PBXSourcesBuildPhase;
			buildActionMask = 2147483647;
			files = (
				FB5CB85726726B0600A7F60E /* DayOfWeekPicker.swift in Sources */,
				FB5CB84E2672624E00A7F60E /* ModelStore.swift in Sources */,
				FBCA565926740BFC008DBFFC /* MainViewController.swift in Sources */,
				FB98B94326645BD800629C1B /* SproutLabel.swift in Sources */,
				FB98B92C266199CF00629C1B /* UIViewController+DismissKeyboardGesture.swift in Sources */,
				FBCA566326740BFC008DBFFC /* PlantTypePickerDelegate.swift in Sources */,
				FBCA567226744062008DBFFC /* PlantIconItemConfiguration.swift in Sources */,
				FB5F348925B63E6900CCE6BC /* SproutScheduledTaskCell.swift in Sources */,
				FBCA566C26740BFC008DBFFC /* UpNextSection.swift in Sources */,
				FB21B6F825B1E5CC00D02384 /* AppDelegate.swift in Sources */,
				FBCA565E26740BFC008DBFFC /* AddEditPlantViewControllerDelegate.swift in Sources */,
				FBCA566E26740BFD008DBFFC /* UpNextItem.swift in Sources */,
				FB5CB86226739F5D00A7F60E /* SproutDayOfMonthPickerCollectionViewCell.swift in Sources */,
				FB43D645266E665E00FA9FA1 /* UserDefaults+Extensions.swift in Sources */,
				FBCA565D26740BFC008DBFFC /* AddEditPlantViewController.swift in Sources */,
				FBCA565526740BFC008DBFFC /* PlantGroupItem.swift in Sources */,
				FB6661B2261F9CCF00DC8B04 /* NSPersistentContainer+Extensions.swift in Sources */,
				FBEB4955260BDC4600F6060C /* RelativeDateFormatter.swift in Sources */,
				FBCA565F26740BFC008DBFFC /* ButtonHeaderFooterView.swift in Sources */,
				FBCA566B26740BFC008DBFFC /* UpNextViewModel.swift in Sources */,
				FBB75BBF264AFBB3000CC823 /* PlantType.swift in Sources */,
				FBCA566526740BFC008DBFFC /* PlantTypesProvider.swift in Sources */,
				FBCA566726740BFC008DBFFC /* TaskEditorController.swift in Sources */,
				FBCA565326740BFC008DBFFC /* PlantGroupSection.swift in Sources */,
				FB6CD6582657E17500D7DE82 /* RemindersProvider.swift in Sources */,
				FBCA566826740BFC008DBFFC /* TaskEditorSection.swift in Sources */,
				FB76D341262A592500D00036 /* SproutCareDetailView.swift in Sources */,
				FB6C45FC25EFEA00009ED947 /* UIView+Extension.swift in Sources */,
				FB6C461725F1975F009ED947 /* UIColor+Extension.swift in Sources */,
				FB98B95126691E7500629C1B /* SproutCareTaskSchedule.swift in Sources */,
				FB7ED5192615260F008FD1BE /* StorageProvider.swift in Sources */,
				FB43D647266E70BD00FA9FA1 /* Date+RawRepresentable.swift in Sources */,
				FB98B94B266858F100629C1B /* SproutCareHistoryMO.swift in Sources */,
				FBAF46302640527E00854D2C /* RoundedRectBackgroundView.swift in Sources */,
				FB98B94F2668591100629C1B /* SproutPlantMO.swift in Sources */,
				FBCA566126740BFC008DBFFC /* PlantIconSupplementaryView.swift in Sources */,
				FBCA566A26740BFC008DBFFC /* RepeatFrequencyChoices.swift in Sources */,
				FB98B94826681F3600629C1B /* SproutDataModel.xcdatamodeld in Sources */,
				FB6661B6261F9E7700DC8B04 /* NSManagedObjectContext+Extensions.swift in Sources */,
				FBC7330325DDB4F00048999C /* SproutIconCell.swift in Sources */,
				FB73F2972656B60F002F1C55 /* LocalNotificationManager.swift in Sources */,
				FBF8AC5225DD80AC00E7E8EB /* SproutIconView.swift in Sources */,
				FBCA566F26740BFD008DBFFC /* UpNextProvider.swift in Sources */,
				FBCA565626740BFC008DBFFC /* PlantGroupViewModel.swift in Sources */,
				FB6CD65A2657EADD00D7DE82 /* TaskNotificationManager.swift in Sources */,
				FB5CB86026730BF200A7F60E /* DayOfMonthPicker.swift in Sources */,
				FB28A8E82649A2DE00B1206E /* SproutChipView.swift in Sources */,
				FB92AF66262E093D0062DE47 /* SproutCareDetailCell.swift in Sources */,
				FB6661CB2620938F00DC8B04 /* Utility.swift in Sources */,
				FB9E8C59262D08B400514AAB /* SproutButtonCell.swift in Sources */,
				FB43D63A266D680600FA9FA1 /* SproutBlurredHeaderView.swift in Sources */,
				FBCA566D26740BFD008DBFFC /* UpNextViewController.swift in Sources */,
				FB5CB8642673A43400A7F60E /* CircleButtonCollectionViewCell.swift in Sources */,
				FB5CB8662673B7C000A7F60E /* Bool+XOR.swift in Sources */,
				FBCA566926740BFC008DBFFC /* TaskEditorItem.swift in Sources */,
				FBD20AE4260FC6B7008915E1 /* String+Extensions.swift in Sources */,
				FB21B6FA25B1E5CC00D02384 /* SceneDelegate.swift in Sources */,
				FBCA565B26740BFC008DBFFC /* PlantDetailViewController.swift in Sources */,
				FBCA565A26740BFC008DBFFC /* SproutCareTaskCellViewModel.swift in Sources */,
				FB5CB848267176D300A7F60E /* SproutDataModel-1.0.0-1.0.1.xcmappingmodel in Sources */,
				FB43D640266DB4BE00FA9FA1 /* DetailHeroReusableView.swift in Sources */,
				FB0A9F3625DC5D7E0084AED8 /* SproutTextFieldCell.swift in Sources */,
				FB5CB85926728A2600A7F60E /* SproutDayOfWeekPickerCollectionViewCell.swift in Sources */,
				FBCA5676267441EE008DBFFC /* CareDetailItemConfiguration.swift in Sources */,
				FBD20AE8260FDB44008915E1 /* SproutSymbolSymbolIconView.swift in Sources */,
				FBCA565826740BFC008DBFFC /* SettingsView.swift in Sources */,
				FBEB4972260CBEF800F6060C /* SproutCardCell.swift in Sources */,
				FBCA565726740BFC008DBFFC /* PlantGroupViewController.swift in Sources */,
				FB98B95326695C3200629C1B /* Optional+Comparable.swift in Sources */,
				FB28A8ED264AB7D700B1206E /* CareScheduleFormatter.swift in Sources */,
				FB98B94D2668590000629C1B /* SproutCareTaskMO.swift in Sources */,
				FBCA566626740BFC008DBFFC /* TaskEditorDelegate.swift in Sources */,
				FB5CB85C2672A72300A7F60E /* SproutCapsuleButton.swift in Sources */,
				FBCA566426740BFC008DBFFC /* PlantTypePickerViewController.swift in Sources */,
				FB98B9452667C1C500629C1B /* Notification+CustomNames.swift in Sources */,
				FBB03C122637781C00F7F364 /* SproutHeroView.swift in Sources */,
				FB24CEFB26025DA0002D14DF /* UIListContentConfiguration+Extension.swift in Sources */,
				FBCA566026740BFC008DBFFC /* CollectionViewHeader.swift in Sources */,
				FBCA567426744111008DBFFC /* TextFieldItemConfiguration.swift in Sources */,
				FBEB4959260BEB9700F6060C /* UICellAccessory+Extensions.swift in Sources */,
				FBCA565426740BFC008DBFFC /* PlantsProvider.swift in Sources */,
				FB9C66AA263A539D00CDC15A /* SproutCardView.swift in Sources */,
				FB4FAB09265EDE7C001A9201 /* HashableClosure.swift in Sources */,
				FB7ED5092614D111008FD1BE /* UIImageTransformer.swift in Sources */,
			);
			runOnlyForDeploymentPostprocessing = 0;
		};
		FB7490E425B1E71200925C29 /* Sources */ = {
			isa = PBXSourcesBuildPhase;
			buildActionMask = 2147483647;
			files = (
				FBAF464E2641FE5000854D2C /* CareRecurrenceRuleTests.swift in Sources */,
				FBAF46542642087600854D2C /* CareInfoTests.swift in Sources */,
			);
			runOnlyForDeploymentPostprocessing = 0;
		};
/* End PBXSourcesBuildPhase section */

/* Begin PBXTargetDependency section */
		FBCA562526740B81008DBFFC /* PBXTargetDependency */ = {
			isa = PBXTargetDependency;
			target = FB21B6F325B1E5CC00D02384 /* Sprout */;
			targetProxy = FBCA562426740B81008DBFFC /* PBXContainerItemProxy */;
		};
/* End PBXTargetDependency section */

/* Begin PBXVariantGroup section */
		FB21B70225B1E5CC00D02384 /* LaunchScreen.storyboard */ = {
			isa = PBXVariantGroup;
			children = (
				FB21B70325B1E5CC00D02384 /* Base */,
			);
			name = LaunchScreen.storyboard;
			sourceTree = "<group>";
		};
/* End PBXVariantGroup section */

/* Begin XCBuildConfiguration section */
		FB21B70625B1E5CC00D02384 /* Debug */ = {
			isa = XCBuildConfiguration;
			buildSettings = {
				ALWAYS_SEARCH_USER_PATHS = NO;
				CLANG_ANALYZER_NONNULL = YES;
				CLANG_ANALYZER_NUMBER_OBJECT_CONVERSION = YES_AGGRESSIVE;
				CLANG_CXX_LANGUAGE_STANDARD = "gnu++14";
				CLANG_CXX_LIBRARY = "libc++";
				CLANG_ENABLE_MODULES = YES;
				CLANG_ENABLE_OBJC_ARC = YES;
				CLANG_ENABLE_OBJC_WEAK = YES;
				CLANG_WARN_BLOCK_CAPTURE_AUTORELEASING = YES;
				CLANG_WARN_BOOL_CONVERSION = YES;
				CLANG_WARN_COMMA = YES;
				CLANG_WARN_CONSTANT_CONVERSION = YES;
				CLANG_WARN_DEPRECATED_OBJC_IMPLEMENTATIONS = YES;
				CLANG_WARN_DIRECT_OBJC_ISA_USAGE = YES_ERROR;
				CLANG_WARN_DOCUMENTATION_COMMENTS = YES;
				CLANG_WARN_EMPTY_BODY = YES;
				CLANG_WARN_ENUM_CONVERSION = YES;
				CLANG_WARN_INFINITE_RECURSION = YES;
				CLANG_WARN_INT_CONVERSION = YES;
				CLANG_WARN_NON_LITERAL_NULL_CONVERSION = YES;
				CLANG_WARN_OBJC_IMPLICIT_RETAIN_SELF = YES;
				CLANG_WARN_OBJC_LITERAL_CONVERSION = YES;
				CLANG_WARN_OBJC_ROOT_CLASS = YES_ERROR;
				CLANG_WARN_QUOTED_INCLUDE_IN_FRAMEWORK_HEADER = YES;
				CLANG_WARN_RANGE_LOOP_ANALYSIS = YES;
				CLANG_WARN_STRICT_PROTOTYPES = YES;
				CLANG_WARN_SUSPICIOUS_MOVE = YES;
				CLANG_WARN_UNGUARDED_AVAILABILITY = YES_AGGRESSIVE;
				CLANG_WARN_UNREACHABLE_CODE = YES;
				CLANG_WARN__DUPLICATE_METHOD_MATCH = YES;
				COPY_PHASE_STRIP = NO;
				DEBUG_INFORMATION_FORMAT = dwarf;
				ENABLE_STRICT_OBJC_MSGSEND = YES;
				ENABLE_TESTABILITY = YES;
				GCC_C_LANGUAGE_STANDARD = gnu11;
				GCC_DYNAMIC_NO_PIC = NO;
				GCC_NO_COMMON_BLOCKS = YES;
				GCC_OPTIMIZATION_LEVEL = 0;
				GCC_PREPROCESSOR_DEFINITIONS = (
					"DEBUG=1",
					"$(inherited)",
				);
				GCC_WARN_64_TO_32_BIT_CONVERSION = YES;
				GCC_WARN_ABOUT_RETURN_TYPE = YES_ERROR;
				GCC_WARN_UNDECLARED_SELECTOR = YES;
				GCC_WARN_UNINITIALIZED_AUTOS = YES_AGGRESSIVE;
				GCC_WARN_UNUSED_FUNCTION = YES;
				GCC_WARN_UNUSED_VARIABLE = YES;
				IPHONEOS_DEPLOYMENT_TARGET = 14.3;
				MTL_ENABLE_DEBUG_INFO = INCLUDE_SOURCE;
				MTL_FAST_MATH = YES;
				ONLY_ACTIVE_ARCH = YES;
				SDKROOT = iphoneos;
				SWIFT_ACTIVE_COMPILATION_CONDITIONS = DEBUG;
				SWIFT_OPTIMIZATION_LEVEL = "-Onone";
			};
			name = Debug;
		};
		FB21B70725B1E5CC00D02384 /* Release */ = {
			isa = XCBuildConfiguration;
			buildSettings = {
				ALWAYS_SEARCH_USER_PATHS = NO;
				CLANG_ANALYZER_NONNULL = YES;
				CLANG_ANALYZER_NUMBER_OBJECT_CONVERSION = YES_AGGRESSIVE;
				CLANG_CXX_LANGUAGE_STANDARD = "gnu++14";
				CLANG_CXX_LIBRARY = "libc++";
				CLANG_ENABLE_MODULES = YES;
				CLANG_ENABLE_OBJC_ARC = YES;
				CLANG_ENABLE_OBJC_WEAK = YES;
				CLANG_WARN_BLOCK_CAPTURE_AUTORELEASING = YES;
				CLANG_WARN_BOOL_CONVERSION = YES;
				CLANG_WARN_COMMA = YES;
				CLANG_WARN_CONSTANT_CONVERSION = YES;
				CLANG_WARN_DEPRECATED_OBJC_IMPLEMENTATIONS = YES;
				CLANG_WARN_DIRECT_OBJC_ISA_USAGE = YES_ERROR;
				CLANG_WARN_DOCUMENTATION_COMMENTS = YES;
				CLANG_WARN_EMPTY_BODY = YES;
				CLANG_WARN_ENUM_CONVERSION = YES;
				CLANG_WARN_INFINITE_RECURSION = YES;
				CLANG_WARN_INT_CONVERSION = YES;
				CLANG_WARN_NON_LITERAL_NULL_CONVERSION = YES;
				CLANG_WARN_OBJC_IMPLICIT_RETAIN_SELF = YES;
				CLANG_WARN_OBJC_LITERAL_CONVERSION = YES;
				CLANG_WARN_OBJC_ROOT_CLASS = YES_ERROR;
				CLANG_WARN_QUOTED_INCLUDE_IN_FRAMEWORK_HEADER = YES;
				CLANG_WARN_RANGE_LOOP_ANALYSIS = YES;
				CLANG_WARN_STRICT_PROTOTYPES = YES;
				CLANG_WARN_SUSPICIOUS_MOVE = YES;
				CLANG_WARN_UNGUARDED_AVAILABILITY = YES_AGGRESSIVE;
				CLANG_WARN_UNREACHABLE_CODE = YES;
				CLANG_WARN__DUPLICATE_METHOD_MATCH = YES;
				COPY_PHASE_STRIP = NO;
				DEBUG_INFORMATION_FORMAT = "dwarf-with-dsym";
				ENABLE_NS_ASSERTIONS = NO;
				ENABLE_STRICT_OBJC_MSGSEND = YES;
				GCC_C_LANGUAGE_STANDARD = gnu11;
				GCC_NO_COMMON_BLOCKS = YES;
				GCC_WARN_64_TO_32_BIT_CONVERSION = YES;
				GCC_WARN_ABOUT_RETURN_TYPE = YES_ERROR;
				GCC_WARN_UNDECLARED_SELECTOR = YES;
				GCC_WARN_UNINITIALIZED_AUTOS = YES_AGGRESSIVE;
				GCC_WARN_UNUSED_FUNCTION = YES;
				GCC_WARN_UNUSED_VARIABLE = YES;
				IPHONEOS_DEPLOYMENT_TARGET = 14.3;
				MTL_ENABLE_DEBUG_INFO = NO;
				MTL_FAST_MATH = YES;
				SDKROOT = iphoneos;
				SWIFT_COMPILATION_MODE = wholemodule;
				SWIFT_OPTIMIZATION_LEVEL = "-O";
				VALIDATE_PRODUCT = YES;
			};
			name = Release;
		};
		FB21B70925B1E5CC00D02384 /* Debug */ = {
			isa = XCBuildConfiguration;
			buildSettings = {
				ASSETCATALOG_COMPILER_APPICON_NAME = "Gradient Icon";
				ASSETCATALOG_COMPILER_GLOBAL_ACCENT_COLOR_NAME = AccentColor;
				CODE_SIGN_STYLE = Automatic;
				DEVELOPMENT_TEAM = GXQ52XLH6S;
				INFOPLIST_FILE = "$(SRCROOT)/Sprout/Resources/Info.plist";
				IPHONEOS_DEPLOYMENT_TARGET = 14.3;
				LD_RUNPATH_SEARCH_PATHS = (
					"$(inherited)",
					"@executable_path/Frameworks",
				);
				PRODUCT_BUNDLE_IDENTIFIER = net.thally.ryan.sprout;
				PRODUCT_NAME = "$(TARGET_NAME)";
				SWIFT_VERSION = 5.0;
				TARGETED_DEVICE_FAMILY = 1;
			};
			name = Debug;
		};
		FB21B70A25B1E5CC00D02384 /* Release */ = {
			isa = XCBuildConfiguration;
			buildSettings = {
				ASSETCATALOG_COMPILER_APPICON_NAME = "Gradient Icon";
				ASSETCATALOG_COMPILER_GLOBAL_ACCENT_COLOR_NAME = AccentColor;
				CODE_SIGN_STYLE = Automatic;
				DEVELOPMENT_TEAM = GXQ52XLH6S;
				INFOPLIST_FILE = "$(SRCROOT)/Sprout/Resources/Info.plist";
				IPHONEOS_DEPLOYMENT_TARGET = 14.3;
				LD_RUNPATH_SEARCH_PATHS = (
					"$(inherited)",
					"@executable_path/Frameworks",
				);
				PRODUCT_BUNDLE_IDENTIFIER = net.thally.ryan.sprout;
				PRODUCT_NAME = "$(TARGET_NAME)";
				SWIFT_VERSION = 5.0;
				TARGETED_DEVICE_FAMILY = 1;
			};
			name = Release;
		};
		FB7490EF25B1E71200925C29 /* Debug */ = {
			isa = XCBuildConfiguration;
			buildSettings = {
				BUNDLE_LOADER = "$(TEST_HOST)";
				CLANG_ENABLE_MODULES = YES;
				CODE_SIGN_STYLE = Automatic;
				DEVELOPMENT_TEAM = GXQ52XLH6S;
				INFOPLIST_FILE = Sprout/SproutTests/Info.plist;
				LD_RUNPATH_SEARCH_PATHS = (
					"$(inherited)",
					"@executable_path/Frameworks",
					"@loader_path/Frameworks",
				);
				PRODUCT_BUNDLE_IDENTIFIER = net.thally.ryan.GrowAppTests;
				PRODUCT_NAME = "$(TARGET_NAME)";
				SWIFT_OPTIMIZATION_LEVEL = "-Onone";
				SWIFT_VERSION = 5.0;
				TARGETED_DEVICE_FAMILY = "1,2";
				TEST_HOST = "$(BUILT_PRODUCTS_DIR)/Sprout.app/Sprout";
			};
			name = Debug;
		};
		FB7490F025B1E71200925C29 /* Release */ = {
			isa = XCBuildConfiguration;
			buildSettings = {
				BUNDLE_LOADER = "$(TEST_HOST)";
				CLANG_ENABLE_MODULES = YES;
				CODE_SIGN_STYLE = Automatic;
				DEVELOPMENT_TEAM = GXQ52XLH6S;
				INFOPLIST_FILE = Sprout/SproutTests/Info.plist;
				LD_RUNPATH_SEARCH_PATHS = (
					"$(inherited)",
					"@executable_path/Frameworks",
					"@loader_path/Frameworks",
				);
				PRODUCT_BUNDLE_IDENTIFIER = net.thally.ryan.GrowAppTests;
				PRODUCT_NAME = "$(TARGET_NAME)";
				SWIFT_VERSION = 5.0;
				TARGETED_DEVICE_FAMILY = "1,2";
				TEST_HOST = "$(BUILT_PRODUCTS_DIR)/Sprout.app/Sprout";
			};
			name = Release;
		};
/* End XCBuildConfiguration section */

/* Begin XCConfigurationList section */
		FB21B6EF25B1E5CC00D02384 /* Build configuration list for PBXProject "Sprout" */ = {
			isa = XCConfigurationList;
			buildConfigurations = (
				FB21B70625B1E5CC00D02384 /* Debug */,
				FB21B70725B1E5CC00D02384 /* Release */,
			);
			defaultConfigurationIsVisible = 0;
			defaultConfigurationName = Release;
		};
		FB21B70825B1E5CC00D02384 /* Build configuration list for PBXNativeTarget "Sprout" */ = {
			isa = XCConfigurationList;
			buildConfigurations = (
				FB21B70925B1E5CC00D02384 /* Debug */,
				FB21B70A25B1E5CC00D02384 /* Release */,
			);
			defaultConfigurationIsVisible = 0;
			defaultConfigurationName = Release;
		};
		FB7490F125B1E71200925C29 /* Build configuration list for PBXNativeTarget "SproutTests" */ = {
			isa = XCConfigurationList;
			buildConfigurations = (
				FB7490EF25B1E71200925C29 /* Debug */,
				FB7490F025B1E71200925C29 /* Release */,
			);
			defaultConfigurationIsVisible = 0;
			defaultConfigurationName = Release;
		};
/* End XCConfigurationList section */

/* Begin XCVersionGroup section */
		FB98B94626681F3600629C1B /* SproutDataModel.xcdatamodeld */ = {
			isa = XCVersionGroup;
			children = (
				FB5CB8442670F92400A7F60E /* SproutDataModel-v1.0.1.xcdatamodel */,
				FB98B94726681F3600629C1B /* SproutDataModel.xcdatamodel */,
			);
			currentVersion = FB5CB8442670F92400A7F60E /* SproutDataModel-v1.0.1.xcdatamodel */;
			path = SproutDataModel.xcdatamodeld;
			sourceTree = "<group>";
			versionGroupType = wrapper.xcdatamodel;
		};
/* End XCVersionGroup section */
	};
	rootObject = FB21B6EC25B1E5CC00D02384 /* Project object */;
}
